
Microsoft Visual Studio Solution File, Format Version 12.00
# Visual Studio 2012
Project("{8BC9CEB8-8B4A-11D0-8D11-00A0C91BC942}") = "Edge_Graph_Generator", "Edge_Graph_Generator\Edge_Graph_Generator.vcxproj", "{F62BE301-552D-4265-82F1-A5EFDACEA22F}"
EndProject
Global
	GlobalSection(SolutionConfigurationPlatforms) = preSolution
		Debug|Win32 = Debug|Win32
		Release|Win32 = Release|Win32
	EndGlobalSection
	GlobalSection(ProjectConfigurationPlatforms) = postSolution
		{F62BE301-552D-4265-82F1-A5EFDACEA22F}.Debug|Win32.ActiveCfg = Debug|Win32
		{F62BE301-552D-4265-82F1-A5EFDACEA22F}.Debug|Win32.Build.0 = Debug|Win32
		{F62BE301-552D-4265-82F1-A5EFDACEA22F}.Release|Win32.ActiveCfg = Release|Win32
		{F62BE301-552D-4265-82F1-A5EFDACEA22F}.Release|Win32.Build.0 = Release|Win32
	EndGlobalSection
	GlobalSection(SolutionProperties) = preSolution
		HideSolutionNode = FALSE
	EndGlobalSection
EndGlobal
